
Microsoft Visual Studio Solution File, Format Version 12.00
# Visual Studio 15
VisualStudioVersion = 15.0.28307.852
MinimumVisualStudioVersion = 10.0.40219.1
Project("{FAE04EC0-301F-11D3-BF4B-00C04F79EFBC}") = "CustomRendererExample.Android", "CustomRendererExample\CustomRendererExample.Android\CustomRendererExample.Android.csproj", "{E65C2AA8-7BB7-48B4-B07C-6D8955F3774C}"
EndProject
Project("{FAE04EC0-301F-11D3-BF4B-00C04F79EFBC}") = "CustomRendererExample.iOS", "CustomRendererExample\CustomRendererExample.iOS\CustomRendererExample.iOS.csproj", "{5CE6C354-32E2-4599-A093-CA9D45D7BEFA}"
EndProject
Project("{FAE04EC0-301F-11D3-BF4B-00C04F79EFBC}") = "CustomRendererExample.UWP", "CustomRendererExample\CustomRendererExample.UWP\CustomRendererExample.UWP.csproj", "{B13EC5FC-B1CD-4E87-B2DD-C87FB298EAE9}"
EndProject
Project("{FAE04EC0-301F-11D3-BF4B-00C04F79EFBC}") = "CustomRendererExample", "CustomRendererExample\CustomRendererExample\CustomRendererExample.csproj", "{E9FBC083-9E05-4098-B0DA-8937BD77837B}"
EndProject
Global
	GlobalSection(SolutionConfigurationPlatforms) = preSolution
		Ad-Hoc|Any CPU = Ad-Hoc|Any CPU
		Ad-Hoc|ARM = Ad-Hoc|ARM
		Ad-Hoc|iPhone = Ad-Hoc|iPhone
		Ad-Hoc|iPhoneSimulator = Ad-Hoc|iPhoneSimulator
		Ad-Hoc|x64 = Ad-Hoc|x64
		Ad-Hoc|x86 = Ad-Hoc|x86
		AppStore|Any CPU = AppStore|Any CPU
		AppStore|ARM = AppStore|ARM
		AppStore|iPhone = AppStore|iPhone
		AppStore|iPhoneSimulator = AppStore|iPhoneSimulator
		AppStore|x64 = AppStore|x64
		AppStore|x86 = AppStore|x86
		Debug|Any CPU = Debug|Any CPU
		Debug|ARM = Debug|ARM
		Debug|iPhone = Debug|iPhone
		Debug|iPhoneSimulator = Debug|iPhoneSimulator
		Debug|x64 = Debug|x64
		Debug|x86 = Debug|x86
		Release|Any CPU = Release|Any CPU
		Release|ARM = Release|ARM
		Release|iPhone = Release|iPhone
		Release|iPhoneSimulator = Release|iPhoneSimulator
		Release|x64 = Release|x64
		Release|x86 = Release|x86
	EndGlobalSection
	GlobalSection(ProjectConfigurationPlatforms) = postSolution
		{E65C2AA8-7BB7-48B4-B07C-6D8955F3774C}.Ad-Hoc|Any CPU.ActiveCfg = Release|Any CPU
		{E65C2AA8-7BB7-48B4-B07C-6D8955F3774C}.Ad-Hoc|Any CPU.Build.0 = Release|Any CPU
		{E65C2AA8-7BB7-48B4-B07C-6D8955F3774C}.Ad-Hoc|Any CPU.Deploy.0 = Release|Any CPU
		{E65C2AA8-7BB7-48B4-B07C-6D8955F3774C}.Ad-Hoc|ARM.ActiveCfg = Release|Any CPU
		{E65C2AA8-7BB7-48B4-B07C-6D8955F3774C}.Ad-Hoc|ARM.Build.0 = Release|Any CPU
		{E65C2AA8-7BB7-48B4-B07C-6D8955F3774C}.Ad-Hoc|ARM.Deploy.0 = Release|Any CPU
		{E65C2AA8-7BB7-48B4-B07C-6D8955F3774C}.Ad-Hoc|iPhone.ActiveCfg = Release|Any CPU
		{E65C2AA8-7BB7-48B4-B07C-6D8955F3774C}.Ad-Hoc|iPhone.Build.0 = Release|Any CPU
		{E65C2AA8-7BB7-48B4-B07C-6D8955F3774C}.Ad-Hoc|iPhone.Deploy.0 = Release|Any CPU
		{E65C2AA8-7BB7-48B4-B07C-6D8955F3774C}.Ad-Hoc|iPhoneSimulator.ActiveCfg = Release|Any CPU
		{E65C2AA8-7BB7-48B4-B07C-6D8955F3774C}.Ad-Hoc|iPhoneSimulator.Build.0 = Release|Any CPU
		{E65C2AA8-7BB7-48B4-B07C-6D8955F3774C}.Ad-Hoc|iPhoneSimulator.Deploy.0 = Release|Any CPU
		{E65C2AA8-7BB7-48B4-B07C-6D8955F3774C}.Ad-Hoc|x64.ActiveCfg = Release|Any CPU
		{E65C2AA8-7BB7-48B4-B07C-6D8955F3774C}.Ad-Hoc|x64.Build.0 = Release|Any CPU
		{E65C2AA8-7BB7-48B4-B07C-6D8955F3774C}.Ad-Hoc|x64.Deploy.0 = Release|Any CPU
		{E65C2AA8-7BB7-48B4-B07C-6D8955F3774C}.Ad-Hoc|x86.ActiveCfg = Release|Any CPU
		{E65C2AA8-7BB7-48B4-B07C-6D8955F3774C}.Ad-Hoc|x86.Build.0 = Release|Any CPU
		{E65C2AA8-7BB7-48B4-B07C-6D8955F3774C}.Ad-Hoc|x86.Deploy.0 = Release|Any CPU
		{E65C2AA8-7BB7-48B4-B07C-6D8955F3774C}.AppStore|Any CPU.ActiveCfg = Release|Any CPU
		{E65C2AA8-7BB7-48B4-B07C-6D8955F3774C}.AppStore|Any CPU.Build.0 = Release|Any CPU
		{E65C2AA8-7BB7-48B4-B07C-6D8955F3774C}.AppStore|Any CPU.Deploy.0 = Release|Any CPU
		{E65C2AA8-7BB7-48B4-B07C-6D8955F3774C}.AppStore|ARM.ActiveCfg = Release|Any CPU
		{E65C2AA8-7BB7-48B4-B07C-6D8955F3774C}.AppStore|ARM.Build.0 = Release|Any CPU
		{E65C2AA8-7BB7-48B4-B07C-6D8955F3774C}.AppStore|ARM.Deploy.0 = Release|Any CPU
		{E65C2AA8-7BB7-48B4-B07C-6D8955F3774C}.AppStore|iPhone.ActiveCfg = Release|Any CPU
		{E65C2AA8-7BB7-48B4-B07C-6D8955F3774C}.AppStore|iPhone.Build.0 = Release|Any CPU
		{E65C2AA8-7BB7-48B4-B07C-6D8955F3774C}.AppStore|iPhone.Deploy.0 = Release|Any CPU
		{E65C2AA8-7BB7-48B4-B07C-6D8955F3774C}.AppStore|iPhoneSimulator.ActiveCfg = Release|Any CPU
		{E65C2AA8-7BB7-48B4-B07C-6D8955F3774C}.AppStore|iPhoneSimulator.Build.0 = Release|Any CPU
		{E65C2AA8-7BB7-48B4-B07C-6D8955F3774C}.AppStore|iPhoneSimulator.Deploy.0 = Release|Any CPU
		{E65C2AA8-7BB7-48B4-B07C-6D8955F3774C}.AppStore|x64.ActiveCfg = Release|Any CPU
		{E65C2AA8-7BB7-48B4-B07C-6D8955F3774C}.AppStore|x64.Build.0 = Release|Any CPU
		{E65C2AA8-7BB7-48B4-B07C-6D8955F3774C}.AppStore|x64.Deploy.0 = Release|Any CPU
		{E65C2AA8-7BB7-48B4-B07C-6D8955F3774C}.AppStore|x86.ActiveCfg = Release|Any CPU
		{E65C2AA8-7BB7-48B4-B07C-6D8955F3774C}.AppStore|x86.Build.0 = Release|Any CPU
		{E65C2AA8-7BB7-48B4-B07C-6D8955F3774C}.AppStore|x86.Deploy.0 = Release|Any CPU
		{E65C2AA8-7BB7-48B4-B07C-6D8955F3774C}.Debug|Any CPU.ActiveCfg = Debug|Any CPU
		{E65C2AA8-7BB7-48B4-B07C-6D8955F3774C}.Debug|Any CPU.Build.0 = Debug|Any CPU
		{E65C2AA8-7BB7-48B4-B07C-6D8955F3774C}.Debug|Any CPU.Deploy.0 = Debug|Any CPU
		{E65C2AA8-7BB7-48B4-B07C-6D8955F3774C}.Debug|ARM.ActiveCfg = Debug|Any CPU
		{E65C2AA8-7BB7-48B4-B07C-6D8955F3774C}.Debug|ARM.Build.0 = Debug|Any CPU
		{E65C2AA8-7BB7-48B4-B07C-6D8955F3774C}.Debug|ARM.Deploy.0 = Debug|Any CPU
		{E65C2AA8-7BB7-48B4-B07C-6D8955F3774C}.Debug|iPhone.ActiveCfg = Debug|Any CPU
		{E65C2AA8-7BB7-48B4-B07C-6D8955F3774C}.Debug|iPhone.Build.0 = Debug|Any CPU
		{E65C2AA8-7BB7-48B4-B07C-6D8955F3774C}.Debug|iPhone.Deploy.0 = Debug|Any CPU
		{E65C2AA8-7BB7-48B4-B07C-6D8955F3774C}.Debug|iPhoneSimulator.ActiveCfg = Debug|Any CPU
		{E65C2AA8-7BB7-48B4-B07C-6D8955F3774C}.Debug|iPhoneSimulator.Build.0 = Debug|Any CPU
		{E65C2AA8-7BB7-48B4-B07C-6D8955F3774C}.Debug|iPhoneSimulator.Deploy.0 = Debug|Any CPU
		{E65C2AA8-7BB7-48B4-B07C-6D8955F3774C}.Debug|x64.ActiveCfg = Debug|Any CPU
		{E65C2AA8-7BB7-48B4-B07C-6D8955F3774C}.Debug|x64.Build.0 = Debug|Any CPU
		{E65C2AA8-7BB7-48B4-B07C-6D8955F3774C}.Debug|x64.Deploy.0 = Debug|Any CPU
		{E65C2AA8-7BB7-48B4-B07C-6D8955F3774C}.Debug|x86.ActiveCfg = Debug|Any CPU
		{E65C2AA8-7BB7-48B4-B07C-6D8955F3774C}.Debug|x86.Build.0 = Debug|Any CPU
		{E65C2AA8-7BB7-48B4-B07C-6D8955F3774C}.Debug|x86.Deploy.0 = Debug|Any CPU
		{E65C2AA8-7BB7-48B4-B07C-6D8955F3774C}.Release|Any CPU.ActiveCfg = Release|Any CPU
		{E65C2AA8-7BB7-48B4-B07C-6D8955F3774C}.Release|Any CPU.Build.0 = Release|Any CPU
		{E65C2AA8-7BB7-48B4-B07C-6D8955F3774C}.Release|Any CPU.Deploy.0 = Release|Any CPU
		{E65C2AA8-7BB7-48B4-B07C-6D8955F3774C}.Release|ARM.ActiveCfg = Release|Any CPU
		{E65C2AA8-7BB7-48B4-B07C-6D8955F3774C}.Release|ARM.Build.0 = Release|Any CPU
		{E65C2AA8-7BB7-48B4-B07C-6D8955F3774C}.Release|ARM.Deploy.0 = Release|Any CPU
		{E65C2AA8-7BB7-48B4-B07C-6D8955F3774C}.Release|iPhone.ActiveCfg = Release|Any CPU
		{E65C2AA8-7BB7-48B4-B07C-6D8955F3774C}.Release|iPhone.Build.0 = Release|Any CPU
		{E65C2AA8-7BB7-48B4-B07C-6D8955F3774C}.Release|iPhone.Deploy.0 = Release|Any CPU
		{E65C2AA8-7BB7-48B4-B07C-6D8955F3774C}.Release|iPhoneSimulator.ActiveCfg = Release|Any CPU
		{E65C2AA8-7BB7-48B4-B07C-6D8955F3774C}.Release|iPhoneSimulator.Build.0 = Release|Any CPU
		{E65C2AA8-7BB7-48B4-B07C-6D8955F3774C}.Release|iPhoneSimulator.Deploy.0 = Release|Any CPU
		{E65C2AA8-7BB7-48B4-B07C-6D8955F3774C}.Release|x64.ActiveCfg = Release|Any CPU
		{E65C2AA8-7BB7-48B4-B07C-6D8955F3774C}.Release|x64.Build.0 = Release|Any CPU
		{E65C2AA8-7BB7-48B4-B07C-6D8955F3774C}.Release|x64.Deploy.0 = Release|Any CPU
		{E65C2AA8-7BB7-48B4-B07C-6D8955F3774C}.Release|x86.ActiveCfg = Release|Any CPU
		{E65C2AA8-7BB7-48B4-B07C-6D8955F3774C}.Release|x86.Build.0 = Release|Any CPU
		{E65C2AA8-7BB7-48B4-B07C-6D8955F3774C}.Release|x86.Deploy.0 = Release|Any CPU
		{5CE6C354-32E2-4599-A093-CA9D45D7BEFA}.Ad-Hoc|Any CPU.ActiveCfg = Ad-Hoc|iPhone
		{5CE6C354-32E2-4599-A093-CA9D45D7BEFA}.Ad-Hoc|Any CPU.Build.0 = Ad-Hoc|iPhone
		{5CE6C354-32E2-4599-A093-CA9D45D7BEFA}.Ad-Hoc|Any CPU.Deploy.0 = Ad-Hoc|iPhone
		{5CE6C354-32E2-4599-A093-CA9D45D7BEFA}.Ad-Hoc|ARM.ActiveCfg = Ad-Hoc|iPhone
		{5CE6C354-32E2-4599-A093-CA9D45D7BEFA}.Ad-Hoc|ARM.Build.0 = Ad-Hoc|iPhone
		{5CE6C354-32E2-4599-A093-CA9D45D7BEFA}.Ad-Hoc|ARM.Deploy.0 = Ad-Hoc|iPhone
		{5CE6C354-32E2-4599-A093-CA9D45D7BEFA}.Ad-Hoc|iPhone.ActiveCfg = Ad-Hoc|iPhone
		{5CE6C354-32E2-4599-A093-CA9D45D7BEFA}.Ad-Hoc|iPhone.Build.0 = Ad-Hoc|iPhone
		{5CE6C354-32E2-4599-A093-CA9D45D7BEFA}.Ad-Hoc|iPhone.Deploy.0 = Ad-Hoc|iPhone
		{5CE6C354-32E2-4599-A093-CA9D45D7BEFA}.Ad-Hoc|iPhoneSimulator.ActiveCfg = Ad-Hoc|iPhoneSimulator
		{5CE6C354-32E2-4599-A093-CA9D45D7BEFA}.Ad-Hoc|iPhoneSimulator.Build.0 = Ad-Hoc|iPhoneSimulator
		{5CE6C354-32E2-4599-A093-CA9D45D7BEFA}.Ad-Hoc|iPhoneSimulator.Deploy.0 = Ad-Hoc|iPhoneSimulator
		{5CE6C354-32E2-4599-A093-CA9D45D7BEFA}.Ad-Hoc|x64.ActiveCfg = Ad-Hoc|iPhone
		{5CE6C354-32E2-4599-A093-CA9D45D7BEFA}.Ad-Hoc|x64.Build.0 = Ad-Hoc|iPhone
		{5CE6C354-32E2-4599-A093-CA9D45D7BEFA}.Ad-Hoc|x64.Deploy.0 = Ad-Hoc|iPhone
		{5CE6C354-32E2-4599-A093-CA9D45D7BEFA}.Ad-Hoc|x86.ActiveCfg = Ad-Hoc|iPhone
		{5CE6C354-32E2-4599-A093-CA9D45D7BEFA}.Ad-Hoc|x86.Build.0 = Ad-Hoc|iPhone
		{5CE6C354-32E2-4599-A093-CA9D45D7BEFA}.Ad-Hoc|x86.Deploy.0 = Ad-Hoc|iPhone
		{5CE6C354-32E2-4599-A093-CA9D45D7BEFA}.AppStore|Any CPU.ActiveCfg = AppStore|iPhone
		{5CE6C354-32E2-4599-A093-CA9D45D7BEFA}.AppStore|Any CPU.Build.0 = AppStore|iPhone
		{5CE6C354-32E2-4599-A093-CA9D45D7BEFA}.AppStore|Any CPU.Deploy.0 = AppStore|iPhone
		{5CE6C354-32E2-4599-A093-CA9D45D7BEFA}.AppStore|ARM.ActiveCfg = AppStore|iPhone
		{5CE6C354-32E2-4599-A093-CA9D45D7BEFA}.AppStore|ARM.Build.0 = AppStore|iPhone
		{5CE6C354-32E2-4599-A093-CA9D45D7BEFA}.AppStore|ARM.Deploy.0 = AppStore|iPhone
		{5CE6C354-32E2-4599-A093-CA9D45D7BEFA}.AppStore|iPhone.ActiveCfg = AppStore|iPhone
		{5CE6C354-32E2-4599-A093-CA9D45D7BEFA}.AppStore|iPhone.Build.0 = AppStore|iPhone
		{5CE6C354-32E2-4599-A093-CA9D45D7BEFA}.AppStore|iPhone.Deploy.0 = AppStore|iPhone
		{5CE6C354-32E2-4599-A093-CA9D45D7BEFA}.AppStore|iPhoneSimulator.ActiveCfg = AppStore|iPhoneSimulator
		{5CE6C354-32E2-4599-A093-CA9D45D7BEFA}.AppStore|iPhoneSimulator.Build.0 = AppStore|iPhoneSimulator
		{5CE6C354-32E2-4599-A093-CA9D45D7BEFA}.AppStore|iPhoneSimulator.Deploy.0 = AppStore|iPhoneSimulator
		{5CE6C354-32E2-4599-A093-CA9D45D7BEFA}.AppStore|x64.ActiveCfg = AppStore|iPhone
		{5CE6C354-32E2-4599-A093-CA9D45D7BEFA}.AppStore|x64.Build.0 = AppStore|iPhone
		{5CE6C354-32E2-4599-A093-CA9D45D7BEFA}.AppStore|x64.Deploy.0 = AppStore|iPhone
		{5CE6C354-32E2-4599-A093-CA9D45D7BEFA}.AppStore|x86.ActiveCfg = AppStore|iPhone
		{5CE6C354-32E2-4599-A093-CA9D45D7BEFA}.AppStore|x86.Build.0 = AppStore|iPhone
		{5CE6C354-32E2-4599-A093-CA9D45D7BEFA}.AppStore|x86.Deploy.0 = AppStore|iPhone
		{5CE6C354-32E2-4599-A093-CA9D45D7BEFA}.Debug|Any CPU.ActiveCfg = Debug|iPhoneSimulator
		{5CE6C354-32E2-4599-A093-CA9D45D7BEFA}.Debug|Any CPU.Build.0 = Debug|iPhoneSimulator
		{5CE6C354-32E2-4599-A093-CA9D45D7BEFA}.Debug|Any CPU.Deploy.0 = Debug|iPhoneSimulator
		{5CE6C354-32E2-4599-A093-CA9D45D7BEFA}.Debug|ARM.ActiveCfg = Debug|iPhone
		{5CE6C354-32E2-4599-A093-CA9D45D7BEFA}.Debug|ARM.Build.0 = Debug|iPhone
		{5CE6C354-32E2-4599-A093-CA9D45D7BEFA}.Debug|ARM.Deploy.0 = Debug|iPhone
		{5CE6C354-32E2-4599-A093-CA9D45D7BEFA}.Debug|iPhone.ActiveCfg = Debug|iPhone
		{5CE6C354-32E2-4599-A093-CA9D45D7BEFA}.Debug|iPhone.Build.0 = Debug|iPhone
		{5CE6C354-32E2-4599-A093-CA9D45D7BEFA}.Debug|iPhone.Deploy.0 = Debug|iPhone
		{5CE6C354-32E2-4599-A093-CA9D45D7BEFA}.Debug|iPhoneSimulator.ActiveCfg = Debug|iPhoneSimulator
		{5CE6C354-32E2-4599-A093-CA9D45D7BEFA}.Debug|iPhoneSimulator.Build.0 = Debug|iPhoneSimulator
		{5CE6C354-32E2-4599-A093-CA9D45D7BEFA}.Debug|iPhoneSimulator.Deploy.0 = Debug|iPhoneSimulator
		{5CE6C354-32E2-4599-A093-CA9D45D7BEFA}.Debug|x64.ActiveCfg = Debug|iPhone
		{5CE6C354-32E2-4599-A093-CA9D45D7BEFA}.Debug|x64.Build.0 = Debug|iPhone
		{5CE6C354-32E2-4599-A093-CA9D45D7BEFA}.Debug|x64.Deploy.0 = Debug|iPhone
		{5CE6C354-32E2-4599-A093-CA9D45D7BEFA}.Debug|x86.ActiveCfg = Debug|iPhone
		{5CE6C354-32E2-4599-A093-CA9D45D7BEFA}.Debug|x86.Build.0 = Debug|iPhone
		{5CE6C354-32E2-4599-A093-CA9D45D7BEFA}.Debug|x86.Deploy.0 = Debug|iPhone
		{5CE6C354-32E2-4599-A093-CA9D45D7BEFA}.Release|Any CPU.ActiveCfg = Release|iPhone
		{5CE6C354-32E2-4599-A093-CA9D45D7BEFA}.Release|Any CPU.Build.0 = Release|iPhone
		{5CE6C354-32E2-4599-A093-CA9D45D7BEFA}.Release|Any CPU.Deploy.0 = Release|iPhone
		{5CE6C354-32E2-4599-A093-CA9D45D7BEFA}.Release|ARM.ActiveCfg = Release|iPhone
		{5CE6C354-32E2-4599-A093-CA9D45D7BEFA}.Release|ARM.Build.0 = Release|iPhone
		{5CE6C354-32E2-4599-A093-CA9D45D7BEFA}.Release|ARM.Deploy.0 = Release|iPhone
		{5CE6C354-32E2-4599-A093-CA9D45D7BEFA}.Release|iPhone.ActiveCfg = Release|iPhone
		{5CE6C354-32E2-4599-A093-CA9D45D7BEFA}.Release|iPhone.Build.0 = Release|iPhone
		{5CE6C354-32E2-4599-A093-CA9D45D7BEFA}.Release|iPhone.Deploy.0 = Release|iPhone
		{5CE6C354-32E2-4599-A093-CA9D45D7BEFA}.Release|iPhoneSimulator.ActiveCfg = Release|iPhoneSimulator
		{5CE6C354-32E2-4599-A093-CA9D45D7BEFA}.Release|iPhoneSimulator.Build.0 = Release|iPhoneSimulator
		{5CE6C354-32E2-4599-A093-CA9D45D7BEFA}.Release|iPhoneSimulator.Deploy.0 = Release|iPhoneSimulator
		{5CE6C354-32E2-4599-A093-CA9D45D7BEFA}.Release|x64.ActiveCfg = Release|iPhone
		{5CE6C354-32E2-4599-A093-CA9D45D7BEFA}.Release|x64.Build.0 = Release|iPhone
		{5CE6C354-32E2-4599-A093-CA9D45D7BEFA}.Release|x64.Deploy.0 = Release|iPhone
		{5CE6C354-32E2-4599-A093-CA9D45D7BEFA}.Release|x86.ActiveCfg = Release|iPhone
		{5CE6C354-32E2-4599-A093-CA9D45D7BEFA}.Release|x86.Build.0 = Release|iPhone
		{5CE6C354-32E2-4599-A093-CA9D45D7BEFA}.Release|x86.Deploy.0 = Release|iPhone
		{B13EC5FC-B1CD-4E87-B2DD-C87FB298EAE9}.Ad-Hoc|Any CPU.ActiveCfg = Release|x86
		{B13EC5FC-B1CD-4E87-B2DD-C87FB298EAE9}.Ad-Hoc|Any CPU.Build.0 = Release|x86
		{B13EC5FC-B1CD-4E87-B2DD-C87FB298EAE9}.Ad-Hoc|Any CPU.Deploy.0 = Release|x86
		{B13EC5FC-B1CD-4E87-B2DD-C87FB298EAE9}.Ad-Hoc|ARM.ActiveCfg = Release|ARM
		{B13EC5FC-B1CD-4E87-B2DD-C87FB298EAE9}.Ad-Hoc|ARM.Build.0 = Release|ARM
		{B13EC5FC-B1CD-4E87-B2DD-C87FB298EAE9}.Ad-Hoc|ARM.Deploy.0 = Release|ARM
		{B13EC5FC-B1CD-4E87-B2DD-C87FB298EAE9}.Ad-Hoc|iPhone.ActiveCfg = Release|x86
		{B13EC5FC-B1CD-4E87-B2DD-C87FB298EAE9}.Ad-Hoc|iPhone.Build.0 = Release|x86
		{B13EC5FC-B1CD-4E87-B2DD-C87FB298EAE9}.Ad-Hoc|iPhone.Deploy.0 = Release|x86
		{B13EC5FC-B1CD-4E87-B2DD-C87FB298EAE9}.Ad-Hoc|iPhoneSimulator.ActiveCfg = Release|x86
		{B13EC5FC-B1CD-4E87-B2DD-C87FB298EAE9}.Ad-Hoc|iPhoneSimulator.Build.0 = Release|x86
		{B13EC5FC-B1CD-4E87-B2DD-C87FB298EAE9}.Ad-Hoc|iPhoneSimulator.Deploy.0 = Release|x86
		{B13EC5FC-B1CD-4E87-B2DD-C87FB298EAE9}.Ad-Hoc|x64.ActiveCfg = Release|x64
		{B13EC5FC-B1CD-4E87-B2DD-C87FB298EAE9}.Ad-Hoc|x64.Build.0 = Release|x64
		{B13EC5FC-B1CD-4E87-B2DD-C87FB298EAE9}.Ad-Hoc|x64.Deploy.0 = Release|x64
		{B13EC5FC-B1CD-4E87-B2DD-C87FB298EAE9}.Ad-Hoc|x86.ActiveCfg = Release|x86
		{B13EC5FC-B1CD-4E87-B2DD-C87FB298EAE9}.Ad-Hoc|x86.Build.0 = Release|x86
		{B13EC5FC-B1CD-4E87-B2DD-C87FB298EAE9}.Ad-Hoc|x86.Deploy.0 = Release|x86
		{B13EC5FC-B1CD-4E87-B2DD-C87FB298EAE9}.AppStore|Any CPU.ActiveCfg = Release|x86
		{B13EC5FC-B1CD-4E87-B2DD-C87FB298EAE9}.AppStore|Any CPU.Build.0 = Release|x86
		{B13EC5FC-B1CD-4E87-B2DD-C87FB298EAE9}.AppStore|Any CPU.Deploy.0 = Release|x86
		{B13EC5FC-B1CD-4E87-B2DD-C87FB298EAE9}.AppStore|ARM.ActiveCfg = Release|ARM
		{B13EC5FC-B1CD-4E87-B2DD-C87FB298EAE9}.AppStore|ARM.Build.0 = Release|ARM
		{B13EC5FC-B1CD-4E87-B2DD-C87FB298EAE9}.AppStore|ARM.Deploy.0 = Release|ARM
		{B13EC5FC-B1CD-4E87-B2DD-C87FB298EAE9}.AppStore|iPhone.ActiveCfg = Release|x86
		{B13EC5FC-B1CD-4E87-B2DD-C87FB298EAE9}.AppStore|iPhone.Build.0 = Release|x86
		{B13EC5FC-B1CD-4E87-B2DD-C87FB298EAE9}.AppStore|iPhone.Deploy.0 = Release|x86
		{B13EC5FC-B1CD-4E87-B2DD-C87FB298EAE9}.AppStore|iPhoneSimulator.ActiveCfg = Release|x86
		{B13EC5FC-B1CD-4E87-B2DD-C87FB298EAE9}.AppStore|iPhoneSimulator.Build.0 = Release|x86
		{B13EC5FC-B1CD-4E87-B2DD-C87FB298EAE9}.AppStore|iPhoneSimulator.Deploy.0 = Release|x86
		{B13EC5FC-B1CD-4E87-B2DD-C87FB298EAE9}.AppStore|x64.ActiveCfg = Release|x64
		{B13EC5FC-B1CD-4E87-B2DD-C87FB298EAE9}.AppStore|x64.Build.0 = Release|x64
		{B13EC5FC-B1CD-4E87-B2DD-C87FB298EAE9}.AppStore|x64.Deploy.0 = Release|x64
		{B13EC5FC-B1CD-4E87-B2DD-C87FB298EAE9}.AppStore|x86.ActiveCfg = Release|x86
		{B13EC5FC-B1CD-4E87-B2DD-C87FB298EAE9}.AppStore|x86.Build.0 = Release|x86
		{B13EC5FC-B1CD-4E87-B2DD-C87FB298EAE9}.AppStore|x86.Deploy.0 = Release|x86
		{B13EC5FC-B1CD-4E87-B2DD-C87FB298EAE9}.Debug|Any CPU.ActiveCfg = Debug|x86
		{B13EC5FC-B1CD-4E87-B2DD-C87FB298EAE9}.Debug|Any CPU.Build.0 = Debug|x86
		{B13EC5FC-B1CD-4E87-B2DD-C87FB298EAE9}.Debug|Any CPU.Deploy.0 = Debug|x86
		{B13EC5FC-B1CD-4E87-B2DD-C87FB298EAE9}.Debug|ARM.ActiveCfg = Debug|ARM
		{B13EC5FC-B1CD-4E87-B2DD-C87FB298EAE9}.Debug|ARM.Build.0 = Debug|ARM
		{B13EC5FC-B1CD-4E87-B2DD-C87FB298EAE9}.Debug|ARM.Deploy.0 = Debug|ARM
		{B13EC5FC-B1CD-4E87-B2DD-C87FB298EAE9}.Debug|iPhone.ActiveCfg = Debug|x86
		{B13EC5FC-B1CD-4E87-B2DD-C87FB298EAE9}.Debug|iPhone.Build.0 = Debug|x86
		{B13EC5FC-B1CD-4E87-B2DD-C87FB298EAE9}.Debug|iPhone.Deploy.0 = Debug|x86
		{B13EC5FC-B1CD-4E87-B2DD-C87FB298EAE9}.Debug|iPhoneSimulator.ActiveCfg = Debug|x86
		{B13EC5FC-B1CD-4E87-B2DD-C87FB298EAE9}.Debug|iPhoneSimulator.Build.0 = Debug|x86
		{B13EC5FC-B1CD-4E87-B2DD-C87FB298EAE9}.Debug|iPhoneSimulator.Deploy.0 = Debug|x86
		{B13EC5FC-B1CD-4E87-B2DD-C87FB298EAE9}.Debug|x64.ActiveCfg = Debug|x64
		{B13EC5FC-B1CD-4E87-B2DD-C87FB298EAE9}.Debug|x64.Build.0 = Debug|x64
		{B13EC5FC-B1CD-4E87-B2DD-C87FB298EAE9}.Debug|x64.Deploy.0 = Debug|x64
		{B13EC5FC-B1CD-4E87-B2DD-C87FB298EAE9}.Debug|x86.ActiveCfg = Debug|x86
		{B13EC5FC-B1CD-4E87-B2DD-C87FB298EAE9}.Debug|x86.Build.0 = Debug|x86
		{B13EC5FC-B1CD-4E87-B2DD-C87FB298EAE9}.Debug|x86.Deploy.0 = Debug|x86
		{B13EC5FC-B1CD-4E87-B2DD-C87FB298EAE9}.Release|Any CPU.ActiveCfg = Release|x86
		{B13EC5FC-B1CD-4E87-B2DD-C87FB298EAE9}.Release|Any CPU.Build.0 = Release|x86
		{B13EC5FC-B1CD-4E87-B2DD-C87FB298EAE9}.Release|Any CPU.Deploy.0 = Release|x86
		{B13EC5FC-B1CD-4E87-B2DD-C87FB298EAE9}.Release|ARM.ActiveCfg = Release|ARM
		{B13EC5FC-B1CD-4E87-B2DD-C87FB298EAE9}.Release|ARM.Build.0 = Release|ARM
		{B13EC5FC-B1CD-4E87-B2DD-C87FB298EAE9}.Release|ARM.Deploy.0 = Release|ARM
		{B13EC5FC-B1CD-4E87-B2DD-C87FB298EAE9}.Release|iPhone.ActiveCfg = Release|x86
		{B13EC5FC-B1CD-4E87-B2DD-C87FB298EAE9}.Release|iPhone.Build.0 = Release|x86
		{B13EC5FC-B1CD-4E87-B2DD-C87FB298EAE9}.Release|iPhone.Deploy.0 = Release|x86
		{B13EC5FC-B1CD-4E87-B2DD-C87FB298EAE9}.Release|iPhoneSimulator.ActiveCfg = Release|x86
		{B13EC5FC-B1CD-4E87-B2DD-C87FB298EAE9}.Release|iPhoneSimulator.Build.0 = Release|x86
		{B13EC5FC-B1CD-4E87-B2DD-C87FB298EAE9}.Release|iPhoneSimulator.Deploy.0 = Release|x86
		{B13EC5FC-B1CD-4E87-B2DD-C87FB298EAE9}.Release|x64.ActiveCfg = Release|x64
		{B13EC5FC-B1CD-4E87-B2DD-C87FB298EAE9}.Release|x64.Build.0 = Release|x64
		{B13EC5FC-B1CD-4E87-B2DD-C87FB298EAE9}.Release|x64.Deploy.0 = Release|x64
		{B13EC5FC-B1CD-4E87-B2DD-C87FB298EAE9}.Release|x86.ActiveCfg = Release|x86
		{B13EC5FC-B1CD-4E87-B2DD-C87FB298EAE9}.Release|x86.Build.0 = Release|x86
		{B13EC5FC-B1CD-4E87-B2DD-C87FB298EAE9}.Release|x86.Deploy.0 = Release|x86
		{E9FBC083-9E05-4098-B0DA-8937BD77837B}.Ad-Hoc|Any CPU.ActiveCfg = Debug|Any CPU
		{E9FBC083-9E05-4098-B0DA-8937BD77837B}.Ad-Hoc|Any CPU.Build.0 = Debug|Any CPU
		{E9FBC083-9E05-4098-B0DA-8937BD77837B}.Ad-Hoc|Any CPU.Deploy.0 = Debug|Any CPU
		{E9FBC083-9E05-4098-B0DA-8937BD77837B}.Ad-Hoc|ARM.ActiveCfg = Debug|Any CPU
		{E9FBC083-9E05-4098-B0DA-8937BD77837B}.Ad-Hoc|ARM.Build.0 = Debug|Any CPU
		{E9FBC083-9E05-4098-B0DA-8937BD77837B}.Ad-Hoc|ARM.Deploy.0 = Debug|Any CPU
		{E9FBC083-9E05-4098-B0DA-8937BD77837B}.Ad-Hoc|iPhone.ActiveCfg = Debug|Any CPU
		{E9FBC083-9E05-4098-B0DA-8937BD77837B}.Ad-Hoc|iPhone.Build.0 = Debug|Any CPU
		{E9FBC083-9E05-4098-B0DA-8937BD77837B}.Ad-Hoc|iPhone.Deploy.0 = Debug|Any CPU
		{E9FBC083-9E05-4098-B0DA-8937BD77837B}.Ad-Hoc|iPhoneSimulator.ActiveCfg = Debug|Any CPU
		{E9FBC083-9E05-4098-B0DA-8937BD77837B}.Ad-Hoc|iPhoneSimulator.Build.0 = Debug|Any CPU
		{E9FBC083-9E05-4098-B0DA-8937BD77837B}.Ad-Hoc|iPhoneSimulator.Deploy.0 = Debug|Any CPU
		{E9FBC083-9E05-4098-B0DA-8937BD77837B}.Ad-Hoc|x64.ActiveCfg = Debug|Any CPU
		{E9FBC083-9E05-4098-B0DA-8937BD77837B}.Ad-Hoc|x64.Build.0 = Debug|Any CPU
		{E9FBC083-9E05-4098-B0DA-8937BD77837B}.Ad-Hoc|x64.Deploy.0 = Debug|Any CPU
		{E9FBC083-9E05-4098-B0DA-8937BD77837B}.Ad-Hoc|x86.ActiveCfg = Debug|Any CPU
		{E9FBC083-9E05-4098-B0DA-8937BD77837B}.Ad-Hoc|x86.Build.0 = Debug|Any CPU
		{E9FBC083-9E05-4098-B0DA-8937BD77837B}.Ad-Hoc|x86.Deploy.0 = Debug|Any CPU
		{E9FBC083-9E05-4098-B0DA-8937BD77837B}.AppStore|Any CPU.ActiveCfg = Debug|Any CPU
		{E9FBC083-9E05-4098-B0DA-8937BD77837B}.AppStore|Any CPU.Build.0 = Debug|Any CPU
		{E9FBC083-9E05-4098-B0DA-8937BD77837B}.AppStore|Any CPU.Deploy.0 = Debug|Any CPU
		{E9FBC083-9E05-4098-B0DA-8937BD77837B}.AppStore|ARM.ActiveCfg = Debug|Any CPU
		{E9FBC083-9E05-4098-B0DA-8937BD77837B}.AppStore|ARM.Build.0 = Debug|Any CPU
		{E9FBC083-9E05-4098-B0DA-8937BD77837B}.AppStore|ARM.Deploy.0 = Debug|Any CPU
		{E9FBC083-9E05-4098-B0DA-8937BD77837B}.AppStore|iPhone.ActiveCfg = Debug|Any CPU
		{E9FBC083-9E05-4098-B0DA-8937BD77837B}.AppStore|iPhone.Build.0 = Debug|Any CPU
		{E9FBC083-9E05-4098-B0DA-8937BD77837B}.AppStore|iPhone.Deploy.0 = Debug|Any CPU
		{E9FBC083-9E05-4098-B0DA-8937BD77837B}.AppStore|iPhoneSimulator.ActiveCfg = Debug|Any CPU
		{E9FBC083-9E05-4098-B0DA-8937BD77837B}.AppStore|iPhoneSimulator.Build.0 = Debug|Any CPU
		{E9FBC083-9E05-4098-B0DA-8937BD77837B}.AppStore|iPhoneSimulator.Deploy.0 = Debug|Any CPU
		{E9FBC083-9E05-4098-B0DA-8937BD77837B}.AppStore|x64.ActiveCfg = Debug|Any CPU
		{E9FBC083-9E05-4098-B0DA-8937BD77837B}.AppStore|x64.Build.0 = Debug|Any CPU
		{E9FBC083-9E05-4098-B0DA-8937BD77837B}.AppStore|x64.Deploy.0 = Debug|Any CPU
		{E9FBC083-9E05-4098-B0DA-8937BD77837B}.AppStore|x86.ActiveCfg = Debug|Any CPU
		{E9FBC083-9E05-4098-B0DA-8937BD77837B}.AppStore|x86.Build.0 = Debug|Any CPU
		{E9FBC083-9E05-4098-B0DA-8937BD77837B}.AppStore|x86.Deploy.0 = Debug|Any CPU
		{E9FBC083-9E05-4098-B0DA-8937BD77837B}.Debug|Any CPU.ActiveCfg = Debug|Any CPU
		{E9FBC083-9E05-4098-B0DA-8937BD77837B}.Debug|Any CPU.Build.0 = Debug|Any CPU
		{E9FBC083-9E05-4098-B0DA-8937BD77837B}.Debug|Any CPU.Deploy.0 = Debug|Any CPU
		{E9FBC083-9E05-4098-B0DA-8937BD77837B}.Debug|ARM.ActiveCfg = Debug|Any CPU
		{E9FBC083-9E05-4098-B0DA-8937BD77837B}.Debug|ARM.Build.0 = Debug|Any CPU
		{E9FBC083-9E05-4098-B0DA-8937BD77837B}.Debug|ARM.Deploy.0 = Debug|Any CPU
		{E9FBC083-9E05-4098-B0DA-8937BD77837B}.Debug|iPhone.ActiveCfg = Debug|Any CPU
		{E9FBC083-9E05-4098-B0DA-8937BD77837B}.Debug|iPhone.Build.0 = Debug|Any CPU
		{E9FBC083-9E05-4098-B0DA-8937BD77837B}.Debug|iPhone.Deploy.0 = Debug|Any CPU
		{E9FBC083-9E05-4098-B0DA-8937BD77837B}.Debug|iPhoneSimulator.ActiveCfg = Debug|Any CPU
		{E9FBC083-9E05-4098-B0DA-8937BD77837B}.Debug|iPhoneSimulator.Build.0 = Debug|Any CPU
		{E9FBC083-9E05-4098-B0DA-8937BD77837B}.Debug|iPhoneSimulator.Deploy.0 = Debug|Any CPU
		{E9FBC083-9E05-4098-B0DA-8937BD77837B}.Debug|x64.ActiveCfg = Debug|Any CPU
		{E9FBC083-9E05-4098-B0DA-8937BD77837B}.Debug|x64.Build.0 = Debug|Any CPU
		{E9FBC083-9E05-4098-B0DA-8937BD77837B}.Debug|x64.Deploy.0 = Debug|Any CPU
		{E9FBC083-9E05-4098-B0DA-8937BD77837B}.Debug|x86.ActiveCfg = Debug|Any CPU
		{E9FBC083-9E05-4098-B0DA-8937BD77837B}.Debug|x86.Build.0 = Debug|Any CPU
		{E9FBC083-9E05-4098-B0DA-8937BD77837B}.Debug|x86.Deploy.0 = Debug|Any CPU
		{E9FBC083-9E05-4098-B0DA-8937BD77837B}.Release|Any CPU.ActiveCfg = Release|Any CPU
		{E9FBC083-9E05-4098-B0DA-8937BD77837B}.Release|Any CPU.Build.0 = Release|Any CPU
		{E9FBC083-9E05-4098-B0DA-8937BD77837B}.Release|Any CPU.Deploy.0 = Release|Any CPU
		{E9FBC083-9E05-4098-B0DA-8937BD77837B}.Release|ARM.ActiveCfg = Release|Any CPU
		{E9FBC083-9E05-4098-B0DA-8937BD77837B}.Release|ARM.Build.0 = Release|Any CPU
		{E9FBC083-9E05-4098-B0DA-8937BD77837B}.Release|ARM.Deploy.0 = Release|Any CPU
		{E9FBC083-9E05-4098-B0DA-8937BD77837B}.Release|iPhone.ActiveCfg = Release|Any CPU
		{E9FBC083-9E05-4098-B0DA-8937BD77837B}.Release|iPhone.Build.0 = Release|Any CPU
		{E9FBC083-9E05-4098-B0DA-8937BD77837B}.Release|iPhone.Deploy.0 = Release|Any CPU
		{E9FBC083-9E05-4098-B0DA-8937BD77837B}.Release|iPhoneSimulator.ActiveCfg = Release|Any CPU
		{E9FBC083-9E05-4098-B0DA-8937BD77837B}.Release|iPhoneSimulator.Build.0 = Release|Any CPU
		{E9FBC083-9E05-4098-B0DA-8937BD77837B}.Release|iPhoneSimulator.Deploy.0 = Release|Any CPU
		{E9FBC083-9E05-4098-B0DA-8937BD77837B}.Release|x64.ActiveCfg = Release|Any CPU
		{E9FBC083-9E05-4098-B0DA-8937BD77837B}.Release|x64.Build.0 = Release|Any CPU
		{E9FBC083-9E05-4098-B0DA-8937BD77837B}.Release|x64.Deploy.0 = Release|Any CPU
		{E9FBC083-9E05-4098-B0DA-8937BD77837B}.Release|x86.ActiveCfg = Release|Any CPU
		{E9FBC083-9E05-4098-B0DA-8937BD77837B}.Release|x86.Build.0 = Release|Any CPU
		{E9FBC083-9E05-4098-B0DA-8937BD77837B}.Release|x86.Deploy.0 = Release|Any CPU
	EndGlobalSection
	GlobalSection(SolutionProperties) = preSolution
		HideSolutionNode = FALSE
	EndGlobalSection
	GlobalSection(ExtensibilityGlobals) = postSolution
		SolutionGuid = {51AFAB9E-BD31-4D45-BA20-27F70D2A3596}
	EndGlobalSection
EndGlobal
