
Microsoft Visual Studio Solution File, Format Version 12.00
# Visual Studio 15
VisualStudioVersion = 15.0.28307.852
MinimumVisualStudioVersion = 10.0.40219.1
Project("{FAE04EC0-301F-11D3-BF4B-00C04F79EFBC}") = "NativeViewsExample.Android", "NativeViewsExample\NativeViewsExample.Android\NativeViewsExample.Android.csproj", "{22458E4D-6112-4C49-852B-B13EDED1D68A}"
EndProject
Project("{FAE04EC0-301F-11D3-BF4B-00C04F79EFBC}") = "NativeViewsExample.iOS", "NativeViewsExample\NativeViewsExample.iOS\NativeViewsExample.iOS.csproj", "{8DF31DBB-B91D-4C38-B024-4B76E54083BA}"
EndProject
Project("{FAE04EC0-301F-11D3-BF4B-00C04F79EFBC}") = "NativeViewsExample.UWP", "NativeViewsExample\NativeViewsExample.UWP\NativeViewsExample.UWP.csproj", "{B514A31B-09FF-4A03-9F26-E00A85667F9D}"
EndProject
Project("{FAE04EC0-301F-11D3-BF4B-00C04F79EFBC}") = "NativeViewsExample", "NativeViewsExample\NativeViewsExample\NativeViewsExample.csproj", "{A4B348FC-17DA-4992-8765-CC15115AF318}"
EndProject
Global
	GlobalSection(SolutionConfigurationPlatforms) = preSolution
		Ad-Hoc|Any CPU = Ad-Hoc|Any CPU
		Ad-Hoc|ARM = Ad-Hoc|ARM
		Ad-Hoc|iPhone = Ad-Hoc|iPhone
		Ad-Hoc|iPhoneSimulator = Ad-Hoc|iPhoneSimulator
		Ad-Hoc|x64 = Ad-Hoc|x64
		Ad-Hoc|x86 = Ad-Hoc|x86
		AppStore|Any CPU = AppStore|Any CPU
		AppStore|ARM = AppStore|ARM
		AppStore|iPhone = AppStore|iPhone
		AppStore|iPhoneSimulator = AppStore|iPhoneSimulator
		AppStore|x64 = AppStore|x64
		AppStore|x86 = AppStore|x86
		Debug|Any CPU = Debug|Any CPU
		Debug|ARM = Debug|ARM
		Debug|iPhone = Debug|iPhone
		Debug|iPhoneSimulator = Debug|iPhoneSimulator
		Debug|x64 = Debug|x64
		Debug|x86 = Debug|x86
		Release|Any CPU = Release|Any CPU
		Release|ARM = Release|ARM
		Release|iPhone = Release|iPhone
		Release|iPhoneSimulator = Release|iPhoneSimulator
		Release|x64 = Release|x64
		Release|x86 = Release|x86
	EndGlobalSection
	GlobalSection(ProjectConfigurationPlatforms) = postSolution
		{22458E4D-6112-4C49-852B-B13EDED1D68A}.Ad-Hoc|Any CPU.ActiveCfg = Release|Any CPU
		{22458E4D-6112-4C49-852B-B13EDED1D68A}.Ad-Hoc|Any CPU.Build.0 = Release|Any CPU
		{22458E4D-6112-4C49-852B-B13EDED1D68A}.Ad-Hoc|Any CPU.Deploy.0 = Release|Any CPU
		{22458E4D-6112-4C49-852B-B13EDED1D68A}.Ad-Hoc|ARM.ActiveCfg = Release|Any CPU
		{22458E4D-6112-4C49-852B-B13EDED1D68A}.Ad-Hoc|ARM.Build.0 = Release|Any CPU
		{22458E4D-6112-4C49-852B-B13EDED1D68A}.Ad-Hoc|ARM.Deploy.0 = Release|Any CPU
		{22458E4D-6112-4C49-852B-B13EDED1D68A}.Ad-Hoc|iPhone.ActiveCfg = Release|Any CPU
		{22458E4D-6112-4C49-852B-B13EDED1D68A}.Ad-Hoc|iPhone.Build.0 = Release|Any CPU
		{22458E4D-6112-4C49-852B-B13EDED1D68A}.Ad-Hoc|iPhone.Deploy.0 = Release|Any CPU
		{22458E4D-6112-4C49-852B-B13EDED1D68A}.Ad-Hoc|iPhoneSimulator.ActiveCfg = Release|Any CPU
		{22458E4D-6112-4C49-852B-B13EDED1D68A}.Ad-Hoc|iPhoneSimulator.Build.0 = Release|Any CPU
		{22458E4D-6112-4C49-852B-B13EDED1D68A}.Ad-Hoc|iPhoneSimulator.Deploy.0 = Release|Any CPU
		{22458E4D-6112-4C49-852B-B13EDED1D68A}.Ad-Hoc|x64.ActiveCfg = Release|Any CPU
		{22458E4D-6112-4C49-852B-B13EDED1D68A}.Ad-Hoc|x64.Build.0 = Release|Any CPU
		{22458E4D-6112-4C49-852B-B13EDED1D68A}.Ad-Hoc|x64.Deploy.0 = Release|Any CPU
		{22458E4D-6112-4C49-852B-B13EDED1D68A}.Ad-Hoc|x86.ActiveCfg = Release|Any CPU
		{22458E4D-6112-4C49-852B-B13EDED1D68A}.Ad-Hoc|x86.Build.0 = Release|Any CPU
		{22458E4D-6112-4C49-852B-B13EDED1D68A}.Ad-Hoc|x86.Deploy.0 = Release|Any CPU
		{22458E4D-6112-4C49-852B-B13EDED1D68A}.AppStore|Any CPU.ActiveCfg = Release|Any CPU
		{22458E4D-6112-4C49-852B-B13EDED1D68A}.AppStore|Any CPU.Build.0 = Release|Any CPU
		{22458E4D-6112-4C49-852B-B13EDED1D68A}.AppStore|Any CPU.Deploy.0 = Release|Any CPU
		{22458E4D-6112-4C49-852B-B13EDED1D68A}.AppStore|ARM.ActiveCfg = Release|Any CPU
		{22458E4D-6112-4C49-852B-B13EDED1D68A}.AppStore|ARM.Build.0 = Release|Any CPU
		{22458E4D-6112-4C49-852B-B13EDED1D68A}.AppStore|ARM.Deploy.0 = Release|Any CPU
		{22458E4D-6112-4C49-852B-B13EDED1D68A}.AppStore|iPhone.ActiveCfg = Release|Any CPU
		{22458E4D-6112-4C49-852B-B13EDED1D68A}.AppStore|iPhone.Build.0 = Release|Any CPU
		{22458E4D-6112-4C49-852B-B13EDED1D68A}.AppStore|iPhone.Deploy.0 = Release|Any CPU
		{22458E4D-6112-4C49-852B-B13EDED1D68A}.AppStore|iPhoneSimulator.ActiveCfg = Release|Any CPU
		{22458E4D-6112-4C49-852B-B13EDED1D68A}.AppStore|iPhoneSimulator.Build.0 = Release|Any CPU
		{22458E4D-6112-4C49-852B-B13EDED1D68A}.AppStore|iPhoneSimulator.Deploy.0 = Release|Any CPU
		{22458E4D-6112-4C49-852B-B13EDED1D68A}.AppStore|x64.ActiveCfg = Release|Any CPU
		{22458E4D-6112-4C49-852B-B13EDED1D68A}.AppStore|x64.Build.0 = Release|Any CPU
		{22458E4D-6112-4C49-852B-B13EDED1D68A}.AppStore|x64.Deploy.0 = Release|Any CPU
		{22458E4D-6112-4C49-852B-B13EDED1D68A}.AppStore|x86.ActiveCfg = Release|Any CPU
		{22458E4D-6112-4C49-852B-B13EDED1D68A}.AppStore|x86.Build.0 = Release|Any CPU
		{22458E4D-6112-4C49-852B-B13EDED1D68A}.AppStore|x86.Deploy.0 = Release|Any CPU
		{22458E4D-6112-4C49-852B-B13EDED1D68A}.Debug|Any CPU.ActiveCfg = Debug|Any CPU
		{22458E4D-6112-4C49-852B-B13EDED1D68A}.Debug|Any CPU.Build.0 = Debug|Any CPU
		{22458E4D-6112-4C49-852B-B13EDED1D68A}.Debug|Any CPU.Deploy.0 = Debug|Any CPU
		{22458E4D-6112-4C49-852B-B13EDED1D68A}.Debug|ARM.ActiveCfg = Debug|Any CPU
		{22458E4D-6112-4C49-852B-B13EDED1D68A}.Debug|ARM.Build.0 = Debug|Any CPU
		{22458E4D-6112-4C49-852B-B13EDED1D68A}.Debug|ARM.Deploy.0 = Debug|Any CPU
		{22458E4D-6112-4C49-852B-B13EDED1D68A}.Debug|iPhone.ActiveCfg = Debug|Any CPU
		{22458E4D-6112-4C49-852B-B13EDED1D68A}.Debug|iPhone.Build.0 = Debug|Any CPU
		{22458E4D-6112-4C49-852B-B13EDED1D68A}.Debug|iPhone.Deploy.0 = Debug|Any CPU
		{22458E4D-6112-4C49-852B-B13EDED1D68A}.Debug|iPhoneSimulator.ActiveCfg = Debug|Any CPU
		{22458E4D-6112-4C49-852B-B13EDED1D68A}.Debug|iPhoneSimulator.Build.0 = Debug|Any CPU
		{22458E4D-6112-4C49-852B-B13EDED1D68A}.Debug|iPhoneSimulator.Deploy.0 = Debug|Any CPU
		{22458E4D-6112-4C49-852B-B13EDED1D68A}.Debug|x64.ActiveCfg = Debug|Any CPU
		{22458E4D-6112-4C49-852B-B13EDED1D68A}.Debug|x64.Build.0 = Debug|Any CPU
		{22458E4D-6112-4C49-852B-B13EDED1D68A}.Debug|x64.Deploy.0 = Debug|Any CPU
		{22458E4D-6112-4C49-852B-B13EDED1D68A}.Debug|x86.ActiveCfg = Debug|Any CPU
		{22458E4D-6112-4C49-852B-B13EDED1D68A}.Debug|x86.Build.0 = Debug|Any CPU
		{22458E4D-6112-4C49-852B-B13EDED1D68A}.Debug|x86.Deploy.0 = Debug|Any CPU
		{22458E4D-6112-4C49-852B-B13EDED1D68A}.Release|Any CPU.ActiveCfg = Release|Any CPU
		{22458E4D-6112-4C49-852B-B13EDED1D68A}.Release|Any CPU.Build.0 = Release|Any CPU
		{22458E4D-6112-4C49-852B-B13EDED1D68A}.Release|Any CPU.Deploy.0 = Release|Any CPU
		{22458E4D-6112-4C49-852B-B13EDED1D68A}.Release|ARM.ActiveCfg = Release|Any CPU
		{22458E4D-6112-4C49-852B-B13EDED1D68A}.Release|ARM.Build.0 = Release|Any CPU
		{22458E4D-6112-4C49-852B-B13EDED1D68A}.Release|ARM.Deploy.0 = Release|Any CPU
		{22458E4D-6112-4C49-852B-B13EDED1D68A}.Release|iPhone.ActiveCfg = Release|Any CPU
		{22458E4D-6112-4C49-852B-B13EDED1D68A}.Release|iPhone.Build.0 = Release|Any CPU
		{22458E4D-6112-4C49-852B-B13EDED1D68A}.Release|iPhone.Deploy.0 = Release|Any CPU
		{22458E4D-6112-4C49-852B-B13EDED1D68A}.Release|iPhoneSimulator.ActiveCfg = Release|Any CPU
		{22458E4D-6112-4C49-852B-B13EDED1D68A}.Release|iPhoneSimulator.Build.0 = Release|Any CPU
		{22458E4D-6112-4C49-852B-B13EDED1D68A}.Release|iPhoneSimulator.Deploy.0 = Release|Any CPU
		{22458E4D-6112-4C49-852B-B13EDED1D68A}.Release|x64.ActiveCfg = Release|Any CPU
		{22458E4D-6112-4C49-852B-B13EDED1D68A}.Release|x64.Build.0 = Release|Any CPU
		{22458E4D-6112-4C49-852B-B13EDED1D68A}.Release|x64.Deploy.0 = Release|Any CPU
		{22458E4D-6112-4C49-852B-B13EDED1D68A}.Release|x86.ActiveCfg = Release|Any CPU
		{22458E4D-6112-4C49-852B-B13EDED1D68A}.Release|x86.Build.0 = Release|Any CPU
		{22458E4D-6112-4C49-852B-B13EDED1D68A}.Release|x86.Deploy.0 = Release|Any CPU
		{8DF31DBB-B91D-4C38-B024-4B76E54083BA}.Ad-Hoc|Any CPU.ActiveCfg = Ad-Hoc|iPhone
		{8DF31DBB-B91D-4C38-B024-4B76E54083BA}.Ad-Hoc|Any CPU.Build.0 = Ad-Hoc|iPhone
		{8DF31DBB-B91D-4C38-B024-4B76E54083BA}.Ad-Hoc|Any CPU.Deploy.0 = Ad-Hoc|iPhone
		{8DF31DBB-B91D-4C38-B024-4B76E54083BA}.Ad-Hoc|ARM.ActiveCfg = Ad-Hoc|iPhone
		{8DF31DBB-B91D-4C38-B024-4B76E54083BA}.Ad-Hoc|ARM.Build.0 = Ad-Hoc|iPhone
		{8DF31DBB-B91D-4C38-B024-4B76E54083BA}.Ad-Hoc|ARM.Deploy.0 = Ad-Hoc|iPhone
		{8DF31DBB-B91D-4C38-B024-4B76E54083BA}.Ad-Hoc|iPhone.ActiveCfg = Ad-Hoc|iPhone
		{8DF31DBB-B91D-4C38-B024-4B76E54083BA}.Ad-Hoc|iPhone.Build.0 = Ad-Hoc|iPhone
		{8DF31DBB-B91D-4C38-B024-4B76E54083BA}.Ad-Hoc|iPhone.Deploy.0 = Ad-Hoc|iPhone
		{8DF31DBB-B91D-4C38-B024-4B76E54083BA}.Ad-Hoc|iPhoneSimulator.ActiveCfg = Ad-Hoc|iPhoneSimulator
		{8DF31DBB-B91D-4C38-B024-4B76E54083BA}.Ad-Hoc|iPhoneSimulator.Build.0 = Ad-Hoc|iPhoneSimulator
		{8DF31DBB-B91D-4C38-B024-4B76E54083BA}.Ad-Hoc|iPhoneSimulator.Deploy.0 = Ad-Hoc|iPhoneSimulator
		{8DF31DBB-B91D-4C38-B024-4B76E54083BA}.Ad-Hoc|x64.ActiveCfg = Ad-Hoc|iPhone
		{8DF31DBB-B91D-4C38-B024-4B76E54083BA}.Ad-Hoc|x64.Build.0 = Ad-Hoc|iPhone
		{8DF31DBB-B91D-4C38-B024-4B76E54083BA}.Ad-Hoc|x64.Deploy.0 = Ad-Hoc|iPhone
		{8DF31DBB-B91D-4C38-B024-4B76E54083BA}.Ad-Hoc|x86.ActiveCfg = Ad-Hoc|iPhone
		{8DF31DBB-B91D-4C38-B024-4B76E54083BA}.Ad-Hoc|x86.Build.0 = Ad-Hoc|iPhone
		{8DF31DBB-B91D-4C38-B024-4B76E54083BA}.Ad-Hoc|x86.Deploy.0 = Ad-Hoc|iPhone
		{8DF31DBB-B91D-4C38-B024-4B76E54083BA}.AppStore|Any CPU.ActiveCfg = AppStore|iPhone
		{8DF31DBB-B91D-4C38-B024-4B76E54083BA}.AppStore|Any CPU.Build.0 = AppStore|iPhone
		{8DF31DBB-B91D-4C38-B024-4B76E54083BA}.AppStore|Any CPU.Deploy.0 = AppStore|iPhone
		{8DF31DBB-B91D-4C38-B024-4B76E54083BA}.AppStore|ARM.ActiveCfg = AppStore|iPhone
		{8DF31DBB-B91D-4C38-B024-4B76E54083BA}.AppStore|ARM.Build.0 = AppStore|iPhone
		{8DF31DBB-B91D-4C38-B024-4B76E54083BA}.AppStore|ARM.Deploy.0 = AppStore|iPhone
		{8DF31DBB-B91D-4C38-B024-4B76E54083BA}.AppStore|iPhone.ActiveCfg = AppStore|iPhone
		{8DF31DBB-B91D-4C38-B024-4B76E54083BA}.AppStore|iPhone.Build.0 = AppStore|iPhone
		{8DF31DBB-B91D-4C38-B024-4B76E54083BA}.AppStore|iPhone.Deploy.0 = AppStore|iPhone
		{8DF31DBB-B91D-4C38-B024-4B76E54083BA}.AppStore|iPhoneSimulator.ActiveCfg = AppStore|iPhoneSimulator
		{8DF31DBB-B91D-4C38-B024-4B76E54083BA}.AppStore|iPhoneSimulator.Build.0 = AppStore|iPhoneSimulator
		{8DF31DBB-B91D-4C38-B024-4B76E54083BA}.AppStore|iPhoneSimulator.Deploy.0 = AppStore|iPhoneSimulator
		{8DF31DBB-B91D-4C38-B024-4B76E54083BA}.AppStore|x64.ActiveCfg = AppStore|iPhone
		{8DF31DBB-B91D-4C38-B024-4B76E54083BA}.AppStore|x64.Build.0 = AppStore|iPhone
		{8DF31DBB-B91D-4C38-B024-4B76E54083BA}.AppStore|x64.Deploy.0 = AppStore|iPhone
		{8DF31DBB-B91D-4C38-B024-4B76E54083BA}.AppStore|x86.ActiveCfg = AppStore|iPhone
		{8DF31DBB-B91D-4C38-B024-4B76E54083BA}.AppStore|x86.Build.0 = AppStore|iPhone
		{8DF31DBB-B91D-4C38-B024-4B76E54083BA}.AppStore|x86.Deploy.0 = AppStore|iPhone
		{8DF31DBB-B91D-4C38-B024-4B76E54083BA}.Debug|Any CPU.ActiveCfg = Debug|iPhoneSimulator
		{8DF31DBB-B91D-4C38-B024-4B76E54083BA}.Debug|Any CPU.Build.0 = Debug|iPhoneSimulator
		{8DF31DBB-B91D-4C38-B024-4B76E54083BA}.Debug|Any CPU.Deploy.0 = Debug|iPhoneSimulator
		{8DF31DBB-B91D-4C38-B024-4B76E54083BA}.Debug|ARM.ActiveCfg = Debug|iPhone
		{8DF31DBB-B91D-4C38-B024-4B76E54083BA}.Debug|ARM.Build.0 = Debug|iPhone
		{8DF31DBB-B91D-4C38-B024-4B76E54083BA}.Debug|ARM.Deploy.0 = Debug|iPhone
		{8DF31DBB-B91D-4C38-B024-4B76E54083BA}.Debug|iPhone.ActiveCfg = Debug|iPhone
		{8DF31DBB-B91D-4C38-B024-4B76E54083BA}.Debug|iPhone.Build.0 = Debug|iPhone
		{8DF31DBB-B91D-4C38-B024-4B76E54083BA}.Debug|iPhone.Deploy.0 = Debug|iPhone
		{8DF31DBB-B91D-4C38-B024-4B76E54083BA}.Debug|iPhoneSimulator.ActiveCfg = Debug|iPhoneSimulator
		{8DF31DBB-B91D-4C38-B024-4B76E54083BA}.Debug|iPhoneSimulator.Build.0 = Debug|iPhoneSimulator
		{8DF31DBB-B91D-4C38-B024-4B76E54083BA}.Debug|iPhoneSimulator.Deploy.0 = Debug|iPhoneSimulator
		{8DF31DBB-B91D-4C38-B024-4B76E54083BA}.Debug|x64.ActiveCfg = Debug|iPhone
		{8DF31DBB-B91D-4C38-B024-4B76E54083BA}.Debug|x64.Build.0 = Debug|iPhone
		{8DF31DBB-B91D-4C38-B024-4B76E54083BA}.Debug|x64.Deploy.0 = Debug|iPhone
		{8DF31DBB-B91D-4C38-B024-4B76E54083BA}.Debug|x86.ActiveCfg = Debug|iPhone
		{8DF31DBB-B91D-4C38-B024-4B76E54083BA}.Debug|x86.Build.0 = Debug|iPhone
		{8DF31DBB-B91D-4C38-B024-4B76E54083BA}.Debug|x86.Deploy.0 = Debug|iPhone
		{8DF31DBB-B91D-4C38-B024-4B76E54083BA}.Release|Any CPU.ActiveCfg = Release|iPhone
		{8DF31DBB-B91D-4C38-B024-4B76E54083BA}.Release|Any CPU.Build.0 = Release|iPhone
		{8DF31DBB-B91D-4C38-B024-4B76E54083BA}.Release|Any CPU.Deploy.0 = Release|iPhone
		{8DF31DBB-B91D-4C38-B024-4B76E54083BA}.Release|ARM.ActiveCfg = Release|iPhone
		{8DF31DBB-B91D-4C38-B024-4B76E54083BA}.Release|ARM.Build.0 = Release|iPhone
		{8DF31DBB-B91D-4C38-B024-4B76E54083BA}.Release|ARM.Deploy.0 = Release|iPhone
		{8DF31DBB-B91D-4C38-B024-4B76E54083BA}.Release|iPhone.ActiveCfg = Release|iPhone
		{8DF31DBB-B91D-4C38-B024-4B76E54083BA}.Release|iPhone.Build.0 = Release|iPhone
		{8DF31DBB-B91D-4C38-B024-4B76E54083BA}.Release|iPhone.Deploy.0 = Release|iPhone
		{8DF31DBB-B91D-4C38-B024-4B76E54083BA}.Release|iPhoneSimulator.ActiveCfg = Release|iPhoneSimulator
		{8DF31DBB-B91D-4C38-B024-4B76E54083BA}.Release|iPhoneSimulator.Build.0 = Release|iPhoneSimulator
		{8DF31DBB-B91D-4C38-B024-4B76E54083BA}.Release|iPhoneSimulator.Deploy.0 = Release|iPhoneSimulator
		{8DF31DBB-B91D-4C38-B024-4B76E54083BA}.Release|x64.ActiveCfg = Release|iPhone
		{8DF31DBB-B91D-4C38-B024-4B76E54083BA}.Release|x64.Build.0 = Release|iPhone
		{8DF31DBB-B91D-4C38-B024-4B76E54083BA}.Release|x64.Deploy.0 = Release|iPhone
		{8DF31DBB-B91D-4C38-B024-4B76E54083BA}.Release|x86.ActiveCfg = Release|iPhone
		{8DF31DBB-B91D-4C38-B024-4B76E54083BA}.Release|x86.Build.0 = Release|iPhone
		{8DF31DBB-B91D-4C38-B024-4B76E54083BA}.Release|x86.Deploy.0 = Release|iPhone
		{B514A31B-09FF-4A03-9F26-E00A85667F9D}.Ad-Hoc|Any CPU.ActiveCfg = Release|x86
		{B514A31B-09FF-4A03-9F26-E00A85667F9D}.Ad-Hoc|Any CPU.Build.0 = Release|x86
		{B514A31B-09FF-4A03-9F26-E00A85667F9D}.Ad-Hoc|Any CPU.Deploy.0 = Release|x86
		{B514A31B-09FF-4A03-9F26-E00A85667F9D}.Ad-Hoc|ARM.ActiveCfg = Release|ARM
		{B514A31B-09FF-4A03-9F26-E00A85667F9D}.Ad-Hoc|ARM.Build.0 = Release|ARM
		{B514A31B-09FF-4A03-9F26-E00A85667F9D}.Ad-Hoc|ARM.Deploy.0 = Release|ARM
		{B514A31B-09FF-4A03-9F26-E00A85667F9D}.Ad-Hoc|iPhone.ActiveCfg = Release|x86
		{B514A31B-09FF-4A03-9F26-E00A85667F9D}.Ad-Hoc|iPhone.Build.0 = Release|x86
		{B514A31B-09FF-4A03-9F26-E00A85667F9D}.Ad-Hoc|iPhone.Deploy.0 = Release|x86
		{B514A31B-09FF-4A03-9F26-E00A85667F9D}.Ad-Hoc|iPhoneSimulator.ActiveCfg = Release|x86
		{B514A31B-09FF-4A03-9F26-E00A85667F9D}.Ad-Hoc|iPhoneSimulator.Build.0 = Release|x86
		{B514A31B-09FF-4A03-9F26-E00A85667F9D}.Ad-Hoc|iPhoneSimulator.Deploy.0 = Release|x86
		{B514A31B-09FF-4A03-9F26-E00A85667F9D}.Ad-Hoc|x64.ActiveCfg = Release|x64
		{B514A31B-09FF-4A03-9F26-E00A85667F9D}.Ad-Hoc|x64.Build.0 = Release|x64
		{B514A31B-09FF-4A03-9F26-E00A85667F9D}.Ad-Hoc|x64.Deploy.0 = Release|x64
		{B514A31B-09FF-4A03-9F26-E00A85667F9D}.Ad-Hoc|x86.ActiveCfg = Release|x86
		{B514A31B-09FF-4A03-9F26-E00A85667F9D}.Ad-Hoc|x86.Build.0 = Release|x86
		{B514A31B-09FF-4A03-9F26-E00A85667F9D}.Ad-Hoc|x86.Deploy.0 = Release|x86
		{B514A31B-09FF-4A03-9F26-E00A85667F9D}.AppStore|Any CPU.ActiveCfg = Release|x86
		{B514A31B-09FF-4A03-9F26-E00A85667F9D}.AppStore|Any CPU.Build.0 = Release|x86
		{B514A31B-09FF-4A03-9F26-E00A85667F9D}.AppStore|Any CPU.Deploy.0 = Release|x86
		{B514A31B-09FF-4A03-9F26-E00A85667F9D}.AppStore|ARM.ActiveCfg = Release|ARM
		{B514A31B-09FF-4A03-9F26-E00A85667F9D}.AppStore|ARM.Build.0 = Release|ARM
		{B514A31B-09FF-4A03-9F26-E00A85667F9D}.AppStore|ARM.Deploy.0 = Release|ARM
		{B514A31B-09FF-4A03-9F26-E00A85667F9D}.AppStore|iPhone.ActiveCfg = Release|x86
		{B514A31B-09FF-4A03-9F26-E00A85667F9D}.AppStore|iPhone.Build.0 = Release|x86
		{B514A31B-09FF-4A03-9F26-E00A85667F9D}.AppStore|iPhone.Deploy.0 = Release|x86
		{B514A31B-09FF-4A03-9F26-E00A85667F9D}.AppStore|iPhoneSimulator.ActiveCfg = Release|x86
		{B514A31B-09FF-4A03-9F26-E00A85667F9D}.AppStore|iPhoneSimulator.Build.0 = Release|x86
		{B514A31B-09FF-4A03-9F26-E00A85667F9D}.AppStore|iPhoneSimulator.Deploy.0 = Release|x86
		{B514A31B-09FF-4A03-9F26-E00A85667F9D}.AppStore|x64.ActiveCfg = Release|x64
		{B514A31B-09FF-4A03-9F26-E00A85667F9D}.AppStore|x64.Build.0 = Release|x64
		{B514A31B-09FF-4A03-9F26-E00A85667F9D}.AppStore|x64.Deploy.0 = Release|x64
		{B514A31B-09FF-4A03-9F26-E00A85667F9D}.AppStore|x86.ActiveCfg = Release|x86
		{B514A31B-09FF-4A03-9F26-E00A85667F9D}.AppStore|x86.Build.0 = Release|x86
		{B514A31B-09FF-4A03-9F26-E00A85667F9D}.AppStore|x86.Deploy.0 = Release|x86
		{B514A31B-09FF-4A03-9F26-E00A85667F9D}.Debug|Any CPU.ActiveCfg = Debug|x86
		{B514A31B-09FF-4A03-9F26-E00A85667F9D}.Debug|Any CPU.Build.0 = Debug|x86
		{B514A31B-09FF-4A03-9F26-E00A85667F9D}.Debug|Any CPU.Deploy.0 = Debug|x86
		{B514A31B-09FF-4A03-9F26-E00A85667F9D}.Debug|ARM.ActiveCfg = Debug|ARM
		{B514A31B-09FF-4A03-9F26-E00A85667F9D}.Debug|ARM.Build.0 = Debug|ARM
		{B514A31B-09FF-4A03-9F26-E00A85667F9D}.Debug|ARM.Deploy.0 = Debug|ARM
		{B514A31B-09FF-4A03-9F26-E00A85667F9D}.Debug|iPhone.ActiveCfg = Debug|x86
		{B514A31B-09FF-4A03-9F26-E00A85667F9D}.Debug|iPhone.Build.0 = Debug|x86
		{B514A31B-09FF-4A03-9F26-E00A85667F9D}.Debug|iPhone.Deploy.0 = Debug|x86
		{B514A31B-09FF-4A03-9F26-E00A85667F9D}.Debug|iPhoneSimulator.ActiveCfg = Debug|x86
		{B514A31B-09FF-4A03-9F26-E00A85667F9D}.Debug|iPhoneSimulator.Build.0 = Debug|x86
		{B514A31B-09FF-4A03-9F26-E00A85667F9D}.Debug|iPhoneSimulator.Deploy.0 = Debug|x86
		{B514A31B-09FF-4A03-9F26-E00A85667F9D}.Debug|x64.ActiveCfg = Debug|x64
		{B514A31B-09FF-4A03-9F26-E00A85667F9D}.Debug|x64.Build.0 = Debug|x64
		{B514A31B-09FF-4A03-9F26-E00A85667F9D}.Debug|x64.Deploy.0 = Debug|x64
		{B514A31B-09FF-4A03-9F26-E00A85667F9D}.Debug|x86.ActiveCfg = Debug|x86
		{B514A31B-09FF-4A03-9F26-E00A85667F9D}.Debug|x86.Build.0 = Debug|x86
		{B514A31B-09FF-4A03-9F26-E00A85667F9D}.Debug|x86.Deploy.0 = Debug|x86
		{B514A31B-09FF-4A03-9F26-E00A85667F9D}.Release|Any CPU.ActiveCfg = Release|x86
		{B514A31B-09FF-4A03-9F26-E00A85667F9D}.Release|Any CPU.Build.0 = Release|x86
		{B514A31B-09FF-4A03-9F26-E00A85667F9D}.Release|Any CPU.Deploy.0 = Release|x86
		{B514A31B-09FF-4A03-9F26-E00A85667F9D}.Release|ARM.ActiveCfg = Release|ARM
		{B514A31B-09FF-4A03-9F26-E00A85667F9D}.Release|ARM.Build.0 = Release|ARM
		{B514A31B-09FF-4A03-9F26-E00A85667F9D}.Release|ARM.Deploy.0 = Release|ARM
		{B514A31B-09FF-4A03-9F26-E00A85667F9D}.Release|iPhone.ActiveCfg = Release|x86
		{B514A31B-09FF-4A03-9F26-E00A85667F9D}.Release|iPhone.Build.0 = Release|x86
		{B514A31B-09FF-4A03-9F26-E00A85667F9D}.Release|iPhone.Deploy.0 = Release|x86
		{B514A31B-09FF-4A03-9F26-E00A85667F9D}.Release|iPhoneSimulator.ActiveCfg = Release|x86
		{B514A31B-09FF-4A03-9F26-E00A85667F9D}.Release|iPhoneSimulator.Build.0 = Release|x86
		{B514A31B-09FF-4A03-9F26-E00A85667F9D}.Release|iPhoneSimulator.Deploy.0 = Release|x86
		{B514A31B-09FF-4A03-9F26-E00A85667F9D}.Release|x64.ActiveCfg = Release|x64
		{B514A31B-09FF-4A03-9F26-E00A85667F9D}.Release|x64.Build.0 = Release|x64
		{B514A31B-09FF-4A03-9F26-E00A85667F9D}.Release|x64.Deploy.0 = Release|x64
		{B514A31B-09FF-4A03-9F26-E00A85667F9D}.Release|x86.ActiveCfg = Release|x86
		{B514A31B-09FF-4A03-9F26-E00A85667F9D}.Release|x86.Build.0 = Release|x86
		{B514A31B-09FF-4A03-9F26-E00A85667F9D}.Release|x86.Deploy.0 = Release|x86
		{A4B348FC-17DA-4992-8765-CC15115AF318}.Ad-Hoc|Any CPU.ActiveCfg = Debug|Any CPU
		{A4B348FC-17DA-4992-8765-CC15115AF318}.Ad-Hoc|Any CPU.Build.0 = Debug|Any CPU
		{A4B348FC-17DA-4992-8765-CC15115AF318}.Ad-Hoc|Any CPU.Deploy.0 = Debug|Any CPU
		{A4B348FC-17DA-4992-8765-CC15115AF318}.Ad-Hoc|ARM.ActiveCfg = Debug|Any CPU
		{A4B348FC-17DA-4992-8765-CC15115AF318}.Ad-Hoc|ARM.Build.0 = Debug|Any CPU
		{A4B348FC-17DA-4992-8765-CC15115AF318}.Ad-Hoc|ARM.Deploy.0 = Debug|Any CPU
		{A4B348FC-17DA-4992-8765-CC15115AF318}.Ad-Hoc|iPhone.ActiveCfg = Debug|Any CPU
		{A4B348FC-17DA-4992-8765-CC15115AF318}.Ad-Hoc|iPhone.Build.0 = Debug|Any CPU
		{A4B348FC-17DA-4992-8765-CC15115AF318}.Ad-Hoc|iPhone.Deploy.0 = Debug|Any CPU
		{A4B348FC-17DA-4992-8765-CC15115AF318}.Ad-Hoc|iPhoneSimulator.ActiveCfg = Debug|Any CPU
		{A4B348FC-17DA-4992-8765-CC15115AF318}.Ad-Hoc|iPhoneSimulator.Build.0 = Debug|Any CPU
		{A4B348FC-17DA-4992-8765-CC15115AF318}.Ad-Hoc|iPhoneSimulator.Deploy.0 = Debug|Any CPU
		{A4B348FC-17DA-4992-8765-CC15115AF318}.Ad-Hoc|x64.ActiveCfg = Debug|Any CPU
		{A4B348FC-17DA-4992-8765-CC15115AF318}.Ad-Hoc|x64.Build.0 = Debug|Any CPU
		{A4B348FC-17DA-4992-8765-CC15115AF318}.Ad-Hoc|x64.Deploy.0 = Debug|Any CPU
		{A4B348FC-17DA-4992-8765-CC15115AF318}.Ad-Hoc|x86.ActiveCfg = Debug|Any CPU
		{A4B348FC-17DA-4992-8765-CC15115AF318}.Ad-Hoc|x86.Build.0 = Debug|Any CPU
		{A4B348FC-17DA-4992-8765-CC15115AF318}.Ad-Hoc|x86.Deploy.0 = Debug|Any CPU
		{A4B348FC-17DA-4992-8765-CC15115AF318}.AppStore|Any CPU.ActiveCfg = Debug|Any CPU
		{A4B348FC-17DA-4992-8765-CC15115AF318}.AppStore|Any CPU.Build.0 = Debug|Any CPU
		{A4B348FC-17DA-4992-8765-CC15115AF318}.AppStore|Any CPU.Deploy.0 = Debug|Any CPU
		{A4B348FC-17DA-4992-8765-CC15115AF318}.AppStore|ARM.ActiveCfg = Debug|Any CPU
		{A4B348FC-17DA-4992-8765-CC15115AF318}.AppStore|ARM.Build.0 = Debug|Any CPU
		{A4B348FC-17DA-4992-8765-CC15115AF318}.AppStore|ARM.Deploy.0 = Debug|Any CPU
		{A4B348FC-17DA-4992-8765-CC15115AF318}.AppStore|iPhone.ActiveCfg = Debug|Any CPU
		{A4B348FC-17DA-4992-8765-CC15115AF318}.AppStore|iPhone.Build.0 = Debug|Any CPU
		{A4B348FC-17DA-4992-8765-CC15115AF318}.AppStore|iPhone.Deploy.0 = Debug|Any CPU
		{A4B348FC-17DA-4992-8765-CC15115AF318}.AppStore|iPhoneSimulator.ActiveCfg = Debug|Any CPU
		{A4B348FC-17DA-4992-8765-CC15115AF318}.AppStore|iPhoneSimulator.Build.0 = Debug|Any CPU
		{A4B348FC-17DA-4992-8765-CC15115AF318}.AppStore|iPhoneSimulator.Deploy.0 = Debug|Any CPU
		{A4B348FC-17DA-4992-8765-CC15115AF318}.AppStore|x64.ActiveCfg = Debug|Any CPU
		{A4B348FC-17DA-4992-8765-CC15115AF318}.AppStore|x64.Build.0 = Debug|Any CPU
		{A4B348FC-17DA-4992-8765-CC15115AF318}.AppStore|x64.Deploy.0 = Debug|Any CPU
		{A4B348FC-17DA-4992-8765-CC15115AF318}.AppStore|x86.ActiveCfg = Debug|Any CPU
		{A4B348FC-17DA-4992-8765-CC15115AF318}.AppStore|x86.Build.0 = Debug|Any CPU
		{A4B348FC-17DA-4992-8765-CC15115AF318}.AppStore|x86.Deploy.0 = Debug|Any CPU
		{A4B348FC-17DA-4992-8765-CC15115AF318}.Debug|Any CPU.ActiveCfg = Debug|Any CPU
		{A4B348FC-17DA-4992-8765-CC15115AF318}.Debug|Any CPU.Build.0 = Debug|Any CPU
		{A4B348FC-17DA-4992-8765-CC15115AF318}.Debug|Any CPU.Deploy.0 = Debug|Any CPU
		{A4B348FC-17DA-4992-8765-CC15115AF318}.Debug|ARM.ActiveCfg = Debug|Any CPU
		{A4B348FC-17DA-4992-8765-CC15115AF318}.Debug|ARM.Build.0 = Debug|Any CPU
		{A4B348FC-17DA-4992-8765-CC15115AF318}.Debug|ARM.Deploy.0 = Debug|Any CPU
		{A4B348FC-17DA-4992-8765-CC15115AF318}.Debug|iPhone.ActiveCfg = Debug|Any CPU
		{A4B348FC-17DA-4992-8765-CC15115AF318}.Debug|iPhone.Build.0 = Debug|Any CPU
		{A4B348FC-17DA-4992-8765-CC15115AF318}.Debug|iPhone.Deploy.0 = Debug|Any CPU
		{A4B348FC-17DA-4992-8765-CC15115AF318}.Debug|iPhoneSimulator.ActiveCfg = Debug|Any CPU
		{A4B348FC-17DA-4992-8765-CC15115AF318}.Debug|iPhoneSimulator.Build.0 = Debug|Any CPU
		{A4B348FC-17DA-4992-8765-CC15115AF318}.Debug|iPhoneSimulator.Deploy.0 = Debug|Any CPU
		{A4B348FC-17DA-4992-8765-CC15115AF318}.Debug|x64.ActiveCfg = Debug|Any CPU
		{A4B348FC-17DA-4992-8765-CC15115AF318}.Debug|x64.Build.0 = Debug|Any CPU
		{A4B348FC-17DA-4992-8765-CC15115AF318}.Debug|x64.Deploy.0 = Debug|Any CPU
		{A4B348FC-17DA-4992-8765-CC15115AF318}.Debug|x86.ActiveCfg = Debug|Any CPU
		{A4B348FC-17DA-4992-8765-CC15115AF318}.Debug|x86.Build.0 = Debug|Any CPU
		{A4B348FC-17DA-4992-8765-CC15115AF318}.Debug|x86.Deploy.0 = Debug|Any CPU
		{A4B348FC-17DA-4992-8765-CC15115AF318}.Release|Any CPU.ActiveCfg = Release|Any CPU
		{A4B348FC-17DA-4992-8765-CC15115AF318}.Release|Any CPU.Build.0 = Release|Any CPU
		{A4B348FC-17DA-4992-8765-CC15115AF318}.Release|Any CPU.Deploy.0 = Release|Any CPU
		{A4B348FC-17DA-4992-8765-CC15115AF318}.Release|ARM.ActiveCfg = Release|Any CPU
		{A4B348FC-17DA-4992-8765-CC15115AF318}.Release|ARM.Build.0 = Release|Any CPU
		{A4B348FC-17DA-4992-8765-CC15115AF318}.Release|ARM.Deploy.0 = Release|Any CPU
		{A4B348FC-17DA-4992-8765-CC15115AF318}.Release|iPhone.ActiveCfg = Release|Any CPU
		{A4B348FC-17DA-4992-8765-CC15115AF318}.Release|iPhone.Build.0 = Release|Any CPU
		{A4B348FC-17DA-4992-8765-CC15115AF318}.Release|iPhone.Deploy.0 = Release|Any CPU
		{A4B348FC-17DA-4992-8765-CC15115AF318}.Release|iPhoneSimulator.ActiveCfg = Release|Any CPU
		{A4B348FC-17DA-4992-8765-CC15115AF318}.Release|iPhoneSimulator.Build.0 = Release|Any CPU
		{A4B348FC-17DA-4992-8765-CC15115AF318}.Release|iPhoneSimulator.Deploy.0 = Release|Any CPU
		{A4B348FC-17DA-4992-8765-CC15115AF318}.Release|x64.ActiveCfg = Release|Any CPU
		{A4B348FC-17DA-4992-8765-CC15115AF318}.Release|x64.Build.0 = Release|Any CPU
		{A4B348FC-17DA-4992-8765-CC15115AF318}.Release|x64.Deploy.0 = Release|Any CPU
		{A4B348FC-17DA-4992-8765-CC15115AF318}.Release|x86.ActiveCfg = Release|Any CPU
		{A4B348FC-17DA-4992-8765-CC15115AF318}.Release|x86.Build.0 = Release|Any CPU
		{A4B348FC-17DA-4992-8765-CC15115AF318}.Release|x86.Deploy.0 = Release|Any CPU
	EndGlobalSection
	GlobalSection(SolutionProperties) = preSolution
		HideSolutionNode = FALSE
	EndGlobalSection
	GlobalSection(ExtensibilityGlobals) = postSolution
		SolutionGuid = {0357F0F6-435A-4AF9-AACE-159515B949FD}
	EndGlobalSection
EndGlobal
